Microsoft Visual Studio Solution File, Format Version 12.00
# Visual Studio 2012
Project("{FAE04EC0-301F-11D3-BF4B-00C04F79EFBC}") = "TestPhysic", "TestPhysic.csproj", "{4AC66B16-5050-496D-8621-0A08C0A7C33D}"
EndProject
Global
	GlobalSection(SolutionConfigurationPlatforms) = preSolution
	Debug|Any CPU = Debug|Any CPU
	ExportDebug|Any CPU = ExportDebug|Any CPU
	ExportRelease|Any CPU = ExportRelease|Any CPU
	EndGlobalSection
	GlobalSection(ProjectConfigurationPlatforms) = postSolution
		{4AC66B16-5050-496D-8621-0A08C0A7C33D}.Debug|Any CPU.ActiveCfg = Debug|Any CPU
		{4AC66B16-5050-496D-8621-0A08C0A7C33D}.Debug|Any CPU.Build.0 = Debug|Any CPU
		{4AC66B16-5050-496D-8621-0A08C0A7C33D}.ExportDebug|Any CPU.ActiveCfg = ExportDebug|Any CPU
		{4AC66B16-5050-496D-8621-0A08C0A7C33D}.ExportDebug|Any CPU.Build.0 = ExportDebug|Any CPU
		{4AC66B16-5050-496D-8621-0A08C0A7C33D}.ExportRelease|Any CPU.ActiveCfg = ExportRelease|Any CPU
		{4AC66B16-5050-496D-8621-0A08C0A7C33D}.ExportRelease|Any CPU.Build.0 = ExportRelease|Any CPU
	EndGlobalSection
EndGlobal
